// !$*UTF8*$!
{
	archiveVersion = 1;
	classes = {
	};
	objectVersion = 55;
	objects = {

/* Begin PBXBuildFile section */
		15A36165270FA69000EBDBD8 /* SwiftUI3_ExamplesApp.swift in Sources */ = {isa = PBXBuildFile; fileRef = 15A36164270FA69000EBDBD8 /* SwiftUI3_ExamplesApp.swift */; };
		15A36169270FA69200EBDBD8 /* Assets.xcassets in Resources */ = {isa = PBXBuildFile; fileRef = 15A36168270FA69200EBDBD8 /* Assets.xcassets */; };
		15A3616C270FA69200EBDBD8 /* Preview Assets.xcassets in Resources */ = {isa = PBXBuildFile; fileRef = 15A3616B270FA69200EBDBD8 /* Preview Assets.xcassets */; };
		15A3617E270FA6A300EBDBD8 /* ButtonModifiersExample.swift in Sources */ = {isa = PBXBuildFile; fileRef = 15A36173270FA6A300EBDBD8 /* ButtonModifiersExample.swift */; };
		15A3617F270FA6A300EBDBD8 /* RefreshableExample.swift in Sources */ = {isa = PBXBuildFile; fileRef = 15A36174270FA6A300EBDBD8 /* RefreshableExample.swift */; };
		15A36180270FA6A300EBDBD8 /* MarkdownSupportExample.swift in Sources */ = {isa = PBXBuildFile; fileRef = 15A36175270FA6A300EBDBD8 /* MarkdownSupportExample.swift */; };
		15A36181270FA6A300EBDBD8 /* FocusStateExample.swift in Sources */ = {isa = PBXBuildFile; fileRef = 15A36176270FA6A300EBDBD8 /* FocusStateExample.swift */; };
		15A36182270FA6A300EBDBD8 /* ListSwipeExample.swift in Sources */ = {isa = PBXBuildFile; fileRef = 15A36177270FA6A300EBDBD8 /* ListSwipeExample.swift */; };
		15A36183270FA6A300EBDBD8 /* TimelineViewExample.swift in Sources */ = {isa = PBXBuildFile; fileRef = 15A36178270FA6A300EBDBD8 /* TimelineViewExample.swift */; };
		15A36184270FA6A300EBDBD8 /* BadgeExample.swift in Sources */ = {isa = PBXBuildFile; fileRef = 15A36179270FA6A300EBDBD8 /* BadgeExample.swift */; };
		15A36185270FA6A300EBDBD8 /* SearchableExample.swift in Sources */ = {isa = PBXBuildFile; fileRef = 15A3617A270FA6A300EBDBD8 /* SearchableExample.swift */; };
		15A36186270FA6A300EBDBD8 /* DismissDisabledExample.swift in Sources */ = {isa = PBXBuildFile; fileRef = 15A3617B270FA6A300EBDBD8 /* DismissDisabledExample.swift */; };
		15A36187270FA6A300EBDBD8 /* AsyncImageExample.swift in Sources */ = {isa = PBXBuildFile; fileRef = 15A3617C270FA6A300EBDBD8 /* AsyncImageExample.swift */; };
		15A36188270FA6A300EBDBD8 /* TextFieldManagmentExample.swift in Sources */ = {isa = PBXBuildFile; fileRef = 15A3617D270FA6A300EBDBD8 /* TextFieldManagmentExample.swift */; };
		15FC982E27235855009DFBF4 /* ControlGroupExample.swift in Sources */ = {isa = PBXBuildFile; fileRef = 15FC982D27235855009DFBF4 /* ControlGroupExample.swift */; };
/* End PBXBuildFile section */

/* Begin PBXFileReference section */
		15A36161270FA69000EBDBD8 /* SwiftUI3-Examples.app */ = {isa = PBXFileReference; explicitFileType = wrapper.application; includeInIndex = 0; path = "SwiftUI3-Examples.app"; sourceTree = BUILT_PRODUCTS_DIR; };
		15A36164270FA69000EBDBD8 /* SwiftUI3_ExamplesApp.swift */ = {isa = PBXFileReference; lastKnownFileType = sourcecode.swift; path = SwiftUI3_ExamplesApp.swift; sourceTree = "<group>"; };
		15A36168270FA69200EBDBD8 /* Assets.xcassets */ = {isa = PBXFileReference; lastKnownFileType = folder.assetcatalog; path = Assets.xcassets; sourceTree = "<group>"; };
		15A3616B270FA69200EBDBD8 /* Preview Assets.xcassets */ = {isa = PBXFileReference; lastKnownFileType = folder.assetcatalog; path = "Preview Assets.xcassets"; sourceTree = "<group>"; };
		15A36173270FA6A300EBDBD8 /* ButtonModifiersExample.swift */ = {isa = PBXFileReference; fileEncoding = 4; lastKnownFileType = sourcecode.swift; path = ButtonModifiersExample.swift; sourceTree = "<group>"; };
		15A36174270FA6A300EBDBD8 /* RefreshableExample.swift */ = {isa = PBXFileReference; fileEncoding = 4; lastKnownFileType = sourcecode.swift; path = RefreshableExample.swift; sourceTree = "<group>"; };
		15A36175270FA6A300EBDBD8 /* MarkdownSupportExample.swift */ = {isa = PBXFileReference; fileEncoding = 4; lastKnownFileType = sourcecode.swift; path = MarkdownSupportExample.swift; sourceTree = "<group>"; };
		15A36176270FA6A300EBDBD8 /* FocusStateExample.swift */ = {isa = PBXFileReference; fileEncoding = 4; lastKnownFileType = sourcecode.swift; path = FocusStateExample.swift; sourceTree = "<group>"; };
		15A36177270FA6A300EBDBD8 /* ListSwipeExample.swift */ = {isa = PBXFileReference; fileEncoding = 4; lastKnownFileType = sourcecode.swift; path = ListSwipeExample.swift; sourceTree = "<group>"; };
		15A36178270FA6A300EBDBD8 /* TimelineViewExample.swift */ = {isa = PBXFileReference; fileEncoding = 4; lastKnownFileType = sourcecode.swift; path = TimelineViewExample.swift; sourceTree = "<group>"; };
		15A36179270FA6A300EBDBD8 /* BadgeExample.swift */ = {isa = PBXFileReference; fileEncoding = 4; lastKnownFileType = sourcecode.swift; path = BadgeExample.swift; sourceTree = "<group>"; };
		15A3617A270FA6A300EBDBD8 /* SearchableExample.swift */ = {isa = PBXFileReference; fileEncoding = 4; lastKnownFileType = sourcecode.swift; path = SearchableExample.swift; sourceTree = "<group>"; };
		15A3617B270FA6A300EBDBD8 /* DismissDisabledExample.swift */ = {isa = PBXFileReference; fileEncoding = 4; lastKnownFileType = sourcecode.swift; path = DismissDisabledExample.swift; sourceTree = "<group>"; };
		15A3617C270FA6A300EBDBD8 /* AsyncImageExample.swift */ = {isa = PBXFileReference; fileEncoding = 4; lastKnownFileType = sourcecode.swift; path = AsyncImageExample.swift; sourceTree = "<group>"; };
		15A3617D270FA6A300EBDBD8 /* TextFieldManagmentExample.swift */ = {isa = PBXFileReference; fileEncoding = 4; lastKnownFileType = sourcecode.swift; path = TextFieldManagmentExample.swift; sourceTree = "<group>"; };
		15FC982D27235855009DFBF4 /* ControlGroupExample.swift */ = {isa = PBXFileReference; lastKnownFileType = sourcecode.swift; path = ControlGroupExample.swift; sourceTree = "<group>"; };
/* End PBXFileReference section */

/* Begin PBXFrameworksBuildPhase section */
		15A3615E270FA69000EBDBD8 /* Frameworks */ = {
			isa = PBXFrameworksBuildPhase;
			buildActionMask = 2147483647;
			files = (
			);
			runOnlyForDeploymentPostprocessing = 0;
		};
/* End PBXFrameworksBuildPhase section */

/* Begin PBXGroup section */
		15A36158270FA69000EBDBD8 = {
			isa = PBXGroup;
			children = (
				15A36163270FA69000EBDBD8 /* SwiftUI3-Examples */,
				15A36162270FA69000EBDBD8 /* Products */,
			);
			sourceTree = "<group>";
		};
		15A36162270FA69000EBDBD8 /* Products */ = {
			isa = PBXGroup;
			children = (
				15A36161270FA69000EBDBD8 /* SwiftUI3-Examples.app */,
			);
			name = Products;
			sourceTree = "<group>";
		};
		15A36163270FA69000EBDBD8 /* SwiftUI3-Examples */ = {
			isa = PBXGroup;
			children = (
				15A36172270FA6A300EBDBD8 /* Examples */,
				15A36164270FA69000EBDBD8 /* SwiftUI3_ExamplesApp.swift */,
				15A36168270FA69200EBDBD8 /* Assets.xcassets */,
				15A3616A270FA69200EBDBD8 /* Preview Content */,
			);
			path = "SwiftUI3-Examples";
			sourceTree = "<group>";
		};
		15A3616A270FA69200EBDBD8 /* Preview Content */ = {
			isa = PBXGroup;
			children = (
				15A3616B270FA69200EBDBD8 /* Preview Assets.xcassets */,
			);
			path = "Preview Content";
			sourceTree = "<group>";
		};
		15A36172270FA6A300EBDBD8 /* Examples */ = {
			isa = PBXGroup;
			children = (
				15A36173270FA6A300EBDBD8 /* ButtonModifiersExample.swift */,
				15A36174270FA6A300EBDBD8 /* RefreshableExample.swift */,
				15A36175270FA6A300EBDBD8 /* MarkdownSupportExample.swift */,
				15A36176270FA6A300EBDBD8 /* FocusStateExample.swift */,
				15A36177270FA6A300EBDBD8 /* ListSwipeExample.swift */,
				15A36178270FA6A300EBDBD8 /* TimelineViewExample.swift */,
				15A36179270FA6A300EBDBD8 /* BadgeExample.swift */,
				15A3617A270FA6A300EBDBD8 /* SearchableExample.swift */,
				15A3617B270FA6A300EBDBD8 /* DismissDisabledExample.swift */,
				15A3617C270FA6A300EBDBD8 /* AsyncImageExample.swift */,
				15A3617D270FA6A300EBDBD8 /* TextFieldManagmentExample.swift */,
				15FC982D27235855009DFBF4 /* ControlGroupExample.swift */,
			);
			path = Examples;
			sourceTree = "<group>";
		};
/* End PBXGroup section */

/* Begin PBXNativeTarget section */
		15A36160270FA69000EBDBD8 /* SwiftUI3-Examples */ = {
			isa = PBXNativeTarget;
			buildConfigurationList = 15A3616F270FA69200EBDBD8 /* Build configuration list for PBXNativeTarget "SwiftUI3-Examples" */;
			buildPhases = (
				15A3615D270FA69000EBDBD8 /* Sources */,
				15A3615E270FA69000EBDBD8 /* Frameworks */,
				15A3615F270FA69000EBDBD8 /* Resources */,
			);
			buildRules = (
			);
			dependencies = (
			);
			name = "SwiftUI3-Examples";
			productName = "SwiftUI3-Examples";
			productReference = 15A36161270FA69000EBDBD8 /* SwiftUI3-Examples.app */;
			productType = "com.apple.product-type.application";
		};
/* End PBXNativeTarget section */

/* Begin PBXProject section */
		15A36159270FA69000EBDBD8 /* Project object */ = {
			isa = PBXProject;
			attributes = {
				BuildIndependentTargetsInParallel = 1;
				LastSwiftUpdateCheck = 1300;
				LastUpgradeCheck = 1300;
				TargetAttributes = {
					15A36160270FA69000EBDBD8 = {
						CreatedOnToolsVersion = 13.0;
					};
				};
			};
			buildConfigurationList = 15A3615C270FA69000EBDBD8 /* Build configuration list for PBXProject "SwiftUI3-Examples" */;
			compatibilityVersion = "Xcode 13.0";
			developmentRegion = en;
			hasScannedForEncodings = 0;
			knownRegions = (
				en,
				Base,
			);
			mainGroup = 15A36158270FA69000EBDBD8;
			productRefGroup = 15A36162270FA69000EBDBD8 /* Products */;
			projectDirPath = "";
			projectRoot = "";
			targets = (
				15A36160270FA69000EBDBD8 /* SwiftUI3-Examples */,
			);
		};
/* End PBXProject section */

/* Begin PBXResourcesBuildPhase section */
		15A3615F270FA69000EBDBD8 /* Resources */ = {
			isa = PBXResourcesBuildPhase;
			buildActionMask = 2147483647;
			files = (
				15A3616C270FA69200EBDBD8 /* Preview Assets.xcassets in Resources */,
				15A36169270FA69200EBDBD8 /* Assets.xcassets in Resources */,
			);
			runOnlyForDeploymentPostprocessing = 0;
		};
/* End PBXResourcesBuildPhase section */

/* Begin PBXSourcesBuildPhase section */
		15A3615D270FA69000EBDBD8 /* Sources */ = {
			isa = PBXSourcesBuildPhase;
			buildActionMask = 2147483647;
			files = (
				15A36180270FA6A300EBDBD8 /* MarkdownSupportExample.swift in Sources */,
				15A36182270FA6A300EBDBD8 /* ListSwipeExample.swift in Sources */,
				15A36183270FA6A300EBDBD8 /* TimelineViewExample.swift in Sources */,
				15A36187270FA6A300EBDBD8 /* AsyncImageExample.swift in Sources */,
				15A36188270FA6A300EBDBD8 /* TextFieldManagmentExample.swift in Sources */,
				15A36185270FA6A300EBDBD8 /* SearchableExample.swift in Sources */,
				15A36165270FA69000EBDBD8 /* SwiftUI3_ExamplesApp.swift in Sources */,
				15A36186270FA6A300EBDBD8 /* DismissDisabledExample.swift in Sources */,
				15FC982E27235855009DFBF4 /* ControlGroupExample.swift in Sources */,
				15A36181270FA6A300EBDBD8 /* FocusStateExample.swift in Sources */,
				15A36184270FA6A300EBDBD8 /* BadgeExample.swift in Sources */,
				15A3617F270FA6A300EBDBD8 /* RefreshableExample.swift in Sources */,
				15A3617E270FA6A300EBDBD8 /* ButtonModifiersExample.swift in Sources */,
			);
			runOnlyForDeploymentPostprocessing = 0;
		};
/* End PBXSourcesBuildPhase section */

/* Begin XCBuildConfiguration section */
		15A3616D270FA69200EBDBD8 /* Debug */ = {
			isa = XCBuildConfiguration;
			buildSettings = {
				ALWAYS_SEARCH_USER_PATHS = NO;
				CLANG_ANALYZER_NONNULL = YES;
				CLANG_ANALYZER_NUMBER_OBJECT_CONVERSION = YES_AGGRESSIVE;
				CLANG_CXX_LANGUAGE_STANDARD = "gnu++17";
				CLANG_CXX_LIBRARY = "libc++";
				CLANG_ENABLE_MODULES = YES;
				CLANG_ENABLE_OBJC_ARC = YES;
				CLANG_ENABLE_OBJC_WEAK = YES;
				CLANG_WARN_BLOCK_CAPTURE_AUTORELEASING = YES;
				CLANG_WARN_BOOL_CONVERSION = YES;
				CLANG_WARN_COMMA = YES;
				CLANG_WARN_CONSTANT_CONVERSION = YES;
				CLANG_WARN_DEPRECATED_OBJC_IMPLEMENTATIONS = YES;
				CLANG_WARN_DIRECT_OBJC_ISA_USAGE = YES_ERROR;
				CLANG_WARN_DOCUMENTATION_COMMENTS = YES;
				CLANG_WARN_EMPTY_BODY = YES;
				CLANG_WARN_ENUM_CONVERSION = YES;
				CLANG_WARN_INFINITE_RECURSION = YES;
				CLANG_WARN_INT_CONVERSION = YES;
				CLANG_WARN_NON_LITERAL_NULL_CONVERSION = YES;
				CLANG_WARN_OBJC_IMPLICIT_RETAIN_SELF = YES;
				CLANG_WARN_OBJC_LITERAL_CONVERSION = YES;
				CLANG_WARN_OBJC_ROOT_CLASS = YES_ERROR;
				CLANG_WARN_QUOTED_INCLUDE_IN_FRAMEWORK_HEADER = YES;
				CLANG_WARN_RANGE_LOOP_ANALYSIS = YES;
				CLANG_WARN_STRICT_PROTOTYPES = YES;
				CLANG_WARN_SUSPICIOUS_MOVE = YES;
				CLANG_WARN_UNGUARDED_AVAILABILITY = YES_AGGRESSIVE;
				CLANG_WARN_UNREACHABLE_CODE = YES;
				CLANG_WARN__DUPLICATE_METHOD_MATCH = YES;
				COPY_PHASE_STRIP = NO;
				DEBUG_INFORMATION_FORMAT = dwarf;
				ENABLE_STRICT_OBJC_MSGSEND = YES;
				ENABLE_TESTABILITY = YES;
				GCC_C_LANGUAGE_STANDARD = gnu11;
				GCC_DYNAMIC_NO_PIC = NO;
				GCC_NO_COMMON_BLOCKS = YES;
				GCC_OPTIMIZATION_LEVEL = 0;
				GCC_PREPROCESSOR_DEFINITIONS = (
					"DEBUG=1",
					"$(inherited)",
				);
				GCC_WARN_64_TO_32_BIT_CONVERSION = YES;
				GCC_WARN_ABOUT_RETURN_TYPE = YES_ERROR;
				GCC_WARN_UNDECLARED_SELECTOR = YES;
				GCC_WARN_UNINITIALIZED_AUTOS = YES_AGGRESSIVE;
				GCC_WARN_UNUSED_FUNCTION = YES;
				GCC_WARN_UNUSED_VARIABLE = YES;
				IPHONEOS_DEPLOYMENT_TARGET = 15.0;
				MTL_ENABLE_DEBUG_INFO = INCLUDE_SOURCE;
				MTL_FAST_MATH = YES;
				ONLY_ACTIVE_ARCH = YES;
				SDKROOT = iphoneos;
				SWIFT_ACTIVE_COMPILATION_CONDITIONS = DEBUG;
				SWIFT_OPTIMIZATION_LEVEL = "-Onone";
			};
			name = Debug;
		};
		15A3616E270FA69200EBDBD8 /* Release */ = {
			isa = XCBuildConfiguration;
			buildSettings = {
				ALWAYS_SEARCH_USER_PATHS = NO;
				CLANG_ANALYZER_NONNULL = YES;
				CLANG_ANALYZER_NUMBER_OBJECT_CONVERSION = YES_AGGRESSIVE;
				CLANG_CXX_LANGUAGE_STANDARD = "gnu++17";
				CLANG_CXX_LIBRARY = "libc++";
				CLANG_ENABLE_MODULES = YES;
				CLANG_ENABLE_OBJC_ARC = YES;
				CLANG_ENABLE_OBJC_WEAK = YES;
				CLANG_WARN_BLOCK_CAPTURE_AUTORELEASING = YES;
				CLANG_WARN_BOOL_CONVERSION = YES;
				CLANG_WARN_COMMA = YES;
				CLANG_WARN_CONSTANT_CONVERSION = YES;
				CLANG_WARN_DEPRECATED_OBJC_IMPLEMENTATIONS = YES;
				CLANG_WARN_DIRECT_OBJC_ISA_USAGE = YES_ERROR;
				CLANG_WARN_DOCUMENTATION_COMMENTS = YES;
				CLANG_WARN_EMPTY_BODY = YES;
				CLANG_WARN_ENUM_CONVERSION = YES;
				CLANG_WARN_INFINITE_RECURSION = YES;
				CLANG_WARN_INT_CONVERSION = YES;
				CLANG_WARN_NON_LITERAL_NULL_CONVERSION = YES;
				CLANG_WARN_OBJC_IMPLICIT_RETAIN_SELF = YES;
				CLANG_WARN_OBJC_LITERAL_CONVERSION = YES;
				CLANG_WARN_OBJC_ROOT_CLASS = YES_ERROR;
				CLANG_WARN_QUOTED_INCLUDE_IN_FRAMEWORK_HEADER = YES;
				CLANG_WARN_RANGE_LOOP_ANALYSIS = YES;
				CLANG_WARN_STRICT_PROTOTYPES = YES;
				CLANG_WARN_SUSPICIOUS_MOVE = YES;
				CLANG_WARN_UNGUARDED_AVAILABILITY = YES_AGGRESSIVE;
				CLANG_WARN_UNREACHABLE_CODE = YES;
				CLANG_WARN__DUPLICATE_METHOD_MATCH = YES;
				COPY_PHASE_STRIP = NO;
				DEBUG_INFORMATION_FORMAT = "dwarf-with-dsym";
				ENABLE_NS_ASSERTIONS = NO;
				ENABLE_STRICT_OBJC_MSGSEND = YES;
				GCC_C_LANGUAGE_STANDARD = gnu11;
				GCC_NO_COMMON_BLOCKS = YES;
				GCC_WARN_64_TO_32_BIT_CONVERSION = YES;
				GCC_WARN_ABOUT_RETURN_TYPE = YES_ERROR;
				GCC_WARN_UNDECLARED_SELECTOR = YES;
				GCC_WARN_UNINITIALIZED_AUTOS = YES_AGGRESSIVE;
				GCC_WARN_UNUSED_FUNCTION = YES;
				GCC_WARN_UNUSED_VARIABLE = YES;
				IPHONEOS_DEPLOYMENT_TARGET = 15.0;
				MTL_ENABLE_DEBUG_INFO = NO;
				MTL_FAST_MATH = YES;
				SDKROOT = iphoneos;
				SWIFT_COMPILATION_MODE = wholemodule;
				SWIFT_OPTIMIZATION_LEVEL = "-O";
				VALIDATE_PRODUCT = YES;
			};
			name = Release;
		};
		15A36170270FA69200EBDBD8 /* Debug */ = {
			isa = XCBuildConfiguration;
			buildSettings = {
				ASSETCATALOG_COMPILER_APPICON_NAME = AppIcon;
				ASSETCATALOG_COMPILER_GLOBAL_ACCENT_COLOR_NAME = AccentColor;
				CODE_SIGN_STYLE = Automatic;
				CURRENT_PROJECT_VERSION = 1;
				DEVELOPMENT_ASSET_PATHS = "\"SwiftUI3-Examples/Preview Content\"";
				ENABLE_PREVIEWS = YES;
				GENERATE_INFOPLIST_FILE = YES;
				INFOPLIST_KEY_UIApplicationSceneManifest_Generation = YES;
				INFOPLIST_KEY_UIApplicationSupportsIndirectInputEvents = YES;
				INFOPLIST_KEY_UILaunchScreen_Generation = YES;
				INFOPLIST_KEY_UISupportedInterfaceOrientations_iPad = "UIInterfaceOrientationPortrait UIInterfaceOrientationPortraitUpsideDown UIInterfaceOrientationLandscapeLeft UIInterfaceOrientationLandscapeRight";
				INFOPLIST_KEY_UISupportedInterfaceOrientations_iPhone = "UIInterfaceOrientationPortrait UIInterfaceOrientationLandscapeLeft UIInterfaceOrientationLandscapeRight";
				IPHONEOS_DEPLOYMENT_TARGET = 15.0;
				LD_RUNPATH_SEARCH_PATHS = (
					"$(inherited)",
					"@executable_path/Frameworks",
				);
				MARKETING_VERSION = 1.0;
				PRODUCT_BUNDLE_IDENTIFIER = "com.app.SwiftUI3-Examples";
				PRODUCT_NAME = "$(TARGET_NAME)";
				SWIFT_EMIT_LOC_STRINGS = YES;
				SWIFT_VERSION = 5.0;
				TARGETED_DEVICE_FAMILY = 1;
			};
			name = Debug;
		};
		15A36171270FA69200EBDBD8 /* Release */ = {
			isa = XCBuildConfiguration;
			buildSettings = {
				ASSETCATALOG_COMPILER_APPICON_NAME = AppIcon;
				ASSETCATALOG_COMPILER_GLOBAL_ACCENT_COLOR_NAME = AccentColor;
				CODE_SIGN_STYLE = Automatic;
				CURRENT_PROJECT_VERSION = 1;
				DEVELOPMENT_ASSET_PATHS = "\"SwiftUI3-Examples/Preview Content\"";
				ENABLE_PREVIEWS = YES;
				GENERATE_INFOPLIST_FILE = YES;
				INFOPLIST_KEY_UIApplicationSceneManifest_Generation = YES;
				INFOPLIST_KEY_UIApplicationSupportsIndirectInputEvents = YES;
				INFOPLIST_KEY_UILaunchScreen_Generation = YES;
				INFOPLIST_KEY_UISupportedInterfaceOrientations_iPad = "UIInterfaceOrientationPortrait UIInterfaceOrientationPortraitUpsideDown UIInterfaceOrientationLandscapeLeft UIInterfaceOrientationLandscapeRight";
				INFOPLIST_KEY_UISupportedInterfaceOrientations_iPhone = "UIInterfaceOrientationPortrait UIInterfaceOrientationLandscapeLeft UIInterfaceOrientationLandscapeRight";
				IPHONEOS_DEPLOYMENT_TARGET = 15.0;
				LD_RUNPATH_SEARCH_PATHS = (
					"$(inherited)",
					"@executable_path/Frameworks",
				);
				MARKETING_VERSION = 1.0;
				PRODUCT_BUNDLE_IDENTIFIER = "com.app.SwiftUI3-Examples";
				PRODUCT_NAME = "$(TARGET_NAME)";
				SWIFT_EMIT_LOC_STRINGS = YES;
				SWIFT_VERSION = 5.0;
				TARGETED_DEVICE_FAMILY = 1;
			};
			name = Release;
		};
/* End XCBuildConfiguration section */

/* Begin XCConfigurationList section */
		15A3615C270FA69000EBDBD8 /* Build configuration list for PBXProject "SwiftUI3-Examples" */ = {
			isa = XCConfigurationList;
			buildConfigurations = (
				15A3616D270FA69200EBDBD8 /* Debug */,
				15A3616E270FA69200EBDBD8 /* Release */,
			);
			defaultConfigurationIsVisible = 0;
			defaultConfigurationName = Release;
		};
		15A3616F270FA69200EBDBD8 /* Build configuration list for PBXNativeTarget "SwiftUI3-Examples" */ = {
			isa = XCConfigurationList;
			buildConfigurations = (
				15A36170270FA69200EBDBD8 /* Debug */,
				15A36171270FA69200EBDBD8 /* Release */,
			);
			defaultConfigurationIsVisible = 0;
			defaultConfigurationName = Release;
		};
/* End XCConfigurationList section */
	};
	rootObject = 15A36159270FA69000EBDBD8 /* Project object */;
}
